
Microsoft Visual Studio Solution File, Format Version 12.00
# Visual Studio Version 16
VisualStudioVersion = 16.0.30621.155
MinimumVisualStudioVersion = 10.0.40219.1
Project("{888888A0-9F3D-457C-B088-3A5042F75D52}") = "BasicProject", "BasicProject\BasicProject.pyproj", "{794C88E3-57FC-4528-BF92-B2C9CFBF1C75}"
EndProject
Project("{888888A0-9F3D-457C-B088-3A5042F75D52}") = "FlaskWeb", "FlaskWeb\FlaskWeb.pyproj", "{5360677E-3983-41F8-AE8F-E6F76F1C0361}"
EndProject
Global
	GlobalSection(SolutionConfigurationPlatforms) = preSolution
		Debug|Any CPU = Debug|Any CPU
		Release|Any CPU = Release|Any CPU
	EndGlobalSection
	GlobalSection(ProjectConfigurationPlatforms) = postSolution
		{794C88E3-57FC-4528-BF92-B2C9CFBF1C75}.Debug|Any CPU.ActiveCfg = Debug|Any CPU
		{794C88E3-57FC-4528-BF92-B2C9CFBF1C75}.Debug|Any CPU.Build.0 = Debug|Any CPU
		{794C88E3-57FC-4528-BF92-B2C9CFBF1C75}.Release|Any CPU.ActiveCfg = Release|Any CPU
		{794C88E3-57FC-4528-BF92-B2C9CFBF1C75}.Release|Any CPU.Build.0 = Release|Any CPU
		{5360677E-3983-41F8-AE8F-E6F76F1C0361}.Debug|Any CPU.ActiveCfg = Debug|Any CPU
		{5360677E-3983-41F8-AE8F-E6F76F1C0361}.Debug|Any CPU.Build.0 = Debug|Any CPU
		{5360677E-3983-41F8-AE8F-E6F76F1C0361}.Release|Any CPU.ActiveCfg = Release|Any CPU
		{5360677E-3983-41F8-AE8F-E6F76F1C0361}.Release|Any CPU.Build.0 = Release|Any CPU
	EndGlobalSection
	GlobalSection(SolutionProperties) = preSolution
		HideSolutionNode = FALSE
	EndGlobalSection
	GlobalSection(ExtensibilityGlobals) = postSolution
		SolutionGuid = {B81B0F22-E594-4358-90C3-2414E212B4F0}
	EndGlobalSection
EndGlobal
